
Microsoft Visual Studio Solution File, Format Version 12.00
# Visual Studio Version 17
VisualStudioVersion = 17.3.32901.215
MinimumVisualStudioVersion = 10.0.40219.1
Project("{FAE04EC0-301F-11D3-BF4B-00C04F79EFBC}") = "APIRestful-Clientes", "APIRestful-Clientes\APIRestful-Clientes.csproj", "{508FB887-D368-413A-8F42-5847548355FF}"
EndProject
Global
	GlobalSection(SolutionConfigurationPlatforms) = preSolution
		Debug|Any CPU = Debug|Any CPU
		Release|Any CPU = Release|Any CPU
	EndGlobalSection
	GlobalSection(ProjectConfigurationPlatforms) = postSolution
		{508FB887-D368-413A-8F42-5847548355FF}.Debug|Any CPU.ActiveCfg = Debug|Any CPU
		{508FB887-D368-413A-8F42-5847548355FF}.Debug|Any CPU.Build.0 = Debug|Any CPU
		{508FB887-D368-413A-8F42-5847548355FF}.Release|Any CPU.ActiveCfg = Release|Any CPU
		{508FB887-D368-413A-8F42-5847548355FF}.Release|Any CPU.Build.0 = Release|Any CPU
	EndGlobalSection
	GlobalSection(SolutionProperties) = preSolution
		HideSolutionNode = FALSE
	EndGlobalSection
	GlobalSection(ExtensibilityGlobals) = postSolution
		SolutionGuid = {EF47DAE8-EA95-4EFB-95C1-E3DC83052F5A}
	EndGlobalSection
EndGlobal
